
Microsoft Visual Studio Solution File, Format Version 12.00
# Visual Studio Version 16
VisualStudioVersion = 16.0.30128.74
MinimumVisualStudioVersion = 10.0.40219.1
Project("{FAE04EC0-301F-11D3-BF4B-00C04F79EFBC}") = "Seriallog", "Seriallog\Seriallog.csproj", "{2E217C47-E867-4502-A81F-7C9B77A76BFC}"
EndProject
Global
	GlobalSection(SolutionConfigurationPlatforms) = preSolution
		Debug|Any CPU = Debug|Any CPU
		Release|Any CPU = Release|Any CPU
	EndGlobalSection
	GlobalSection(ProjectConfigurationPlatforms) = postSolution
		{2E217C47-E867-4502-A81F-7C9B77A76BFC}.Debug|Any CPU.ActiveCfg = Debug|Any CPU
		{2E217C47-E867-4502-A81F-7C9B77A76BFC}.Debug|Any CPU.Build.0 = Debug|Any CPU
		{2E217C47-E867-4502-A81F-7C9B77A76BFC}.Release|Any CPU.ActiveCfg = Release|Any CPU
		{2E217C47-E867-4502-A81F-7C9B77A76BFC}.Release|Any CPU.Build.0 = Release|Any CPU
	EndGlobalSection
	GlobalSection(SolutionProperties) = preSolution
		HideSolutionNode = FALSE
	EndGlobalSection
	GlobalSection(ExtensibilityGlobals) = postSolution
		SolutionGuid = {FD8BA442-09E9-4DE0-9110-C639DF3F86E3}
	EndGlobalSection
EndGlobal
